
Microsoft Visual Studio Solution File, Format Version 12.00
# Visual Studio Version 17
VisualStudioVersion = 17.2.32616.157
MinimumVisualStudioVersion = 10.0.40219.1
Project("{9A19103F-16F7-4668-BE54-9A1E7A4F7556}") = "Web", "Web\Web.csproj", "{5970A1D9-F9E4-403D-ACEE-2185ADC9450B}"
EndProject
Project("{9A19103F-16F7-4668-BE54-9A1E7A4F7556}") = "Domain", "Domain\Domain.csproj", "{A65C9A77-8570-4307-8F3F-5FF91F7BE0A0}"
EndProject
Project("{9A19103F-16F7-4668-BE54-9A1E7A4F7556}") = "Service", "Service\Service.csproj", "{4743C34A-17E1-4383-BFFF-5619DD872C4F}"
EndProject
Project("{FAE04EC0-301F-11D3-BF4B-00C04F79EFBC}") = "Web.Tests", "Web.Tests\Web.Tests.csproj", "{74D14173-7D10-487E-99B5-4D9D90D23524}"
EndProject
Global
	GlobalSection(SolutionConfigurationPlatforms) = preSolution
		Debug|Any CPU = Debug|Any CPU
		Release|Any CPU = Release|Any CPU
	EndGlobalSection
	GlobalSection(ProjectConfigurationPlatforms) = postSolution
		{5970A1D9-F9E4-403D-ACEE-2185ADC9450B}.Debug|Any CPU.ActiveCfg = Debug|Any CPU
		{5970A1D9-F9E4-403D-ACEE-2185ADC9450B}.Debug|Any CPU.Build.0 = Debug|Any CPU
		{5970A1D9-F9E4-403D-ACEE-2185ADC9450B}.Release|Any CPU.ActiveCfg = Release|Any CPU
		{5970A1D9-F9E4-403D-ACEE-2185ADC9450B}.Release|Any CPU.Build.0 = Release|Any CPU
		{A65C9A77-8570-4307-8F3F-5FF91F7BE0A0}.Debug|Any CPU.ActiveCfg = Debug|Any CPU
		{A65C9A77-8570-4307-8F3F-5FF91F7BE0A0}.Debug|Any CPU.Build.0 = Debug|Any CPU
		{A65C9A77-8570-4307-8F3F-5FF91F7BE0A0}.Release|Any CPU.ActiveCfg = Release|Any CPU
		{A65C9A77-8570-4307-8F3F-5FF91F7BE0A0}.Release|Any CPU.Build.0 = Release|Any CPU
		{4743C34A-17E1-4383-BFFF-5619DD872C4F}.Debug|Any CPU.ActiveCfg = Debug|Any CPU
		{4743C34A-17E1-4383-BFFF-5619DD872C4F}.Debug|Any CPU.Build.0 = Debug|Any CPU
		{4743C34A-17E1-4383-BFFF-5619DD872C4F}.Release|Any CPU.ActiveCfg = Release|Any CPU
		{4743C34A-17E1-4383-BFFF-5619DD872C4F}.Release|Any CPU.Build.0 = Release|Any CPU
		{74D14173-7D10-487E-99B5-4D9D90D23524}.Debug|Any CPU.ActiveCfg = Debug|Any CPU
		{74D14173-7D10-487E-99B5-4D9D90D23524}.Debug|Any CPU.Build.0 = Debug|Any CPU
		{74D14173-7D10-487E-99B5-4D9D90D23524}.Release|Any CPU.ActiveCfg = Release|Any CPU
		{74D14173-7D10-487E-99B5-4D9D90D23524}.Release|Any CPU.Build.0 = Release|Any CPU
	EndGlobalSection
	GlobalSection(SolutionProperties) = preSolution
		HideSolutionNode = FALSE
	EndGlobalSection
	GlobalSection(ExtensibilityGlobals) = postSolution
		SolutionGuid = {251E1971-2209-43F6-B9FD-2F7623F2FDCF}
	EndGlobalSection
EndGlobal
